
Microsoft Visual Studio Solution File, Format Version 12.00
# Visual Studio Version 17
VisualStudioVersion = 17.8.34525.116
MinimumVisualStudioVersion = 10.0.40219.1
Project("{FAE04EC0-301F-11D3-BF4B-00C04F79EFBC}") = "ServidorPostIt", "ServidorPostIt\ServidorPostIt.csproj", "{32D8F5B3-4B7D-4116-B4D9-C00DA542F004}"
EndProject
Global
	GlobalSection(SolutionConfigurationPlatforms) = preSolution
		Debug|Any CPU = Debug|Any CPU
		Release|Any CPU = Release|Any CPU
	EndGlobalSection
	GlobalSection(ProjectConfigurationPlatforms) = postSolution
		{32D8F5B3-4B7D-4116-B4D9-C00DA542F004}.Debug|Any CPU.ActiveCfg = Debug|Any CPU
		{32D8F5B3-4B7D-4116-B4D9-C00DA542F004}.Debug|Any CPU.Build.0 = Debug|Any CPU
		{32D8F5B3-4B7D-4116-B4D9-C00DA542F004}.Release|Any CPU.ActiveCfg = Release|Any CPU
		{32D8F5B3-4B7D-4116-B4D9-C00DA542F004}.Release|Any CPU.Build.0 = Release|Any CPU
	EndGlobalSection
	GlobalSection(SolutionProperties) = preSolution
		HideSolutionNode = FALSE
	EndGlobalSection
	GlobalSection(ExtensibilityGlobals) = postSolution
		SolutionGuid = {24AF67E9-8D53-4683-9F3C-6374D33E7219}
	EndGlobalSection
EndGlobal
